Microsoft Visual Studio Solution File, Format Version 12.00
# Visual Studio 2012
Project("{911E67C6-3D85-4FCE-B560-20A9C3E3FF48}") = "HotlineMiami", "e:\Program Files (x86)\GOG.com\Hotline Miami\HotlineMiami.exe", "{2C823A20-87A7-422F-8F69-4931E50C9174}"
	ProjectSection(DebuggerProjectSystem) = preProject
		PortSupplier = 00000000-0000-0000-0000-000000000000
		Executable = e:\Program Files (x86)\GOG.com\Hotline Miami\HotlineMiami.exe
		RemoteMachine = FACEST-PC
		StartingDirectory = e:\Program Files (x86)\GOG.com\Hotline Miami
		Environment = Default
		LaunchingEngine = 3b476d35-a401-11d2-aad4-00c04f990171
		LaunchSQLEngine = No
		AttachLaunchAction = No
	EndProjectSection
EndProject
Global
	GlobalSection(SolutionConfigurationPlatforms) = preSolution
		Debug|x86 = Debug|x86
	EndGlobalSection
	GlobalSection(ProjectConfigurationPlatforms) = postSolution
		{2C823A20-87A7-422F-8F69-4931E50C9174}.Debug|x86.ActiveCfg = Debug|x86
	EndGlobalSection
	GlobalSection(SolutionProperties) = preSolution
		HideSolutionNode = FALSE
	EndGlobalSection
EndGlobal
